
Microsoft Visual Studio Solution File, Format Version 12.00
# Visual Studio 15
VisualStudioVersion = 15.0.28307.1169
MinimumVisualStudioVersion = 10.0.40219.1
Project("{FAE04EC0-301F-11D3-BF4B-00C04F79EFBC}") = "StatePattern", "StatePattern\StatePattern.csproj", "{F9A07FEA-3995-474B-ADA4-56372FFDA114}"
EndProject
Global
	GlobalSection(SolutionConfigurationPlatforms) = preSolution
		Debug|Any CPU = Debug|Any CPU
		Release|Any CPU = Release|Any CPU
	EndGlobalSection
	GlobalSection(ProjectConfigurationPlatforms) = postSolution
		{F9A07FEA-3995-474B-ADA4-56372FFDA114}.Debug|Any CPU.ActiveCfg = Debug|Any CPU
		{F9A07FEA-3995-474B-ADA4-56372FFDA114}.Debug|Any CPU.Build.0 = Debug|Any CPU
		{F9A07FEA-3995-474B-ADA4-56372FFDA114}.Release|Any CPU.ActiveCfg = Release|Any CPU
		{F9A07FEA-3995-474B-ADA4-56372FFDA114}.Release|Any CPU.Build.0 = Release|Any CPU
	EndGlobalSection
	GlobalSection(SolutionProperties) = preSolution
		HideSolutionNode = FALSE
	EndGlobalSection
	GlobalSection(ExtensibilityGlobals) = postSolution
		SolutionGuid = {3F49C549-0ED5-4BBA-AEFF-A8B5D202A92A}
	EndGlobalSection
EndGlobal
