
Microsoft Visual Studio Solution File, Format Version 12.00
# Visual Studio 15
VisualStudioVersion = 15.0.28307.779
MinimumVisualStudioVersion = 10.0.40219.1
Project("{FAE04EC0-301F-11D3-BF4B-00C04F79EFBC}") = "DecoratorPatternLearinig", "DecoratorPatterLearinig\DecoratorPatternLearinig.csproj", "{40CAFB92-644E-46D0-B510-A3F64E6BEF62}"
EndProject
Global
	GlobalSection(SolutionConfigurationPlatforms) = preSolution
		Debug|Any CPU = Debug|Any CPU
		Release|Any CPU = Release|Any CPU
	EndGlobalSection
	GlobalSection(ProjectConfigurationPlatforms) = postSolution
		{40CAFB92-644E-46D0-B510-A3F64E6BEF62}.Debug|Any CPU.ActiveCfg = Debug|Any CPU
		{40CAFB92-644E-46D0-B510-A3F64E6BEF62}.Debug|Any CPU.Build.0 = Debug|Any CPU
		{40CAFB92-644E-46D0-B510-A3F64E6BEF62}.Release|Any CPU.ActiveCfg = Release|Any CPU
		{40CAFB92-644E-46D0-B510-A3F64E6BEF62}.Release|Any CPU.Build.0 = Release|Any CPU
	EndGlobalSection
	GlobalSection(SolutionProperties) = preSolution
		HideSolutionNode = FALSE
	EndGlobalSection
	GlobalSection(ExtensibilityGlobals) = postSolution
		SolutionGuid = {B7AA0F53-AE45-40C9-907C-CD6C02156090}
	EndGlobalSection
EndGlobal
